
Microsoft Visual Studio Solution File, Format Version 12.00
# Visual Studio Version 17
VisualStudioVersion = 17.2.32616.157
MinimumVisualStudioVersion = 10.0.40219.1
Project("{9A19103F-16F7-4668-BE54-9A1E7A4F7556}") = "Utils", "Utils\Utils.csproj", "{A386FABD-5ADD-4E9D-A6BF-8CAA1E4C7E6B}"
EndProject
Project("{9A19103F-16F7-4668-BE54-9A1E7A4F7556}") = "Utils.Test", "Utils.Test\Utils.Test.csproj", "{47CF186E-B92B-4F47-9A05-2B1A04F7A61E}"
EndProject
Project("{9A19103F-16F7-4668-BE54-9A1E7A4F7556}") = "Compiler", "Grammar\Compiler.csproj", "{35E21B35-2B2B-4718-9AB9-3E463BB6BB09}"
EndProject
Project("{9A19103F-16F7-4668-BE54-9A1E7A4F7556}") = "Format", "Format\Format.csproj", "{82CEF1FE-A1D2-4020-ABAB-ACEE77A1C02F}"
EndProject
Project("{9A19103F-16F7-4668-BE54-9A1E7A4F7556}") = "Format.Test", "Format.Test\Format.Test.csproj", "{012E49B5-CC9D-4033-BD51-340FC206D30F}"
EndProject
Project("{9A19103F-16F7-4668-BE54-9A1E7A4F7556}") = "Grammar.Test", "Grammar.Test\Grammar.Test.csproj", "{606AD127-0B54-40F6-9226-35D73A37D772}"
EndProject
Project("{9A19103F-16F7-4668-BE54-9A1E7A4F7556}") = "Grammar.PluginBase", "Grammar.PluginBase\Grammar.PluginBase.csproj", "{D3AD3A3B-6263-4A90-9B05-0FD23B3132A0}"
EndProject
Project("{9A19103F-16F7-4668-BE54-9A1E7A4F7556}") = "Grammar.PluginBase.Test", "Grammar.PluginBase.Test\Grammar.PluginBase.Test.csproj", "{5BA565AF-11B7-4297-BF98-3EDAE4738FBB}"
EndProject
Project("{2150E333-8FDC-42A3-9474-1A3956D46DE8}") = "Grammar", "Grammar", "{1E30A84E-A367-4509-8154-38C39583260D}"
EndProject
Project("{9A19103F-16F7-4668-BE54-9A1E7A4F7556}") = "Grammar.English", "Grammar Plugins\Grammar.English\Grammar.English.csproj", "{C6572049-5D2A-4BBA-8DD1-211F1CF23C52}"
EndProject
Project("{9A19103F-16F7-4668-BE54-9A1E7A4F7556}") = "Format Debugger", "Format Debugger\Format Debugger.csproj", "{F1C204E1-2218-4DB3-90F4-EF501A5663FC}"
EndProject
Project("{9A19103F-16F7-4668-BE54-9A1E7A4F7556}") = "Ebnf", "Ebnf\Ebnf.csproj", "{135DEBEE-BE66-4F07-9F33-4BF0E289C2A0}"
EndProject
Project("{2150E333-8FDC-42A3-9474-1A3956D46DE8}") = "Extended Backus Naus Form", "Extended Backus Naus Form", "{1E701A69-8FB5-4B02-B5EA-79229DB42392}"
EndProject
Project("{9A19103F-16F7-4668-BE54-9A1E7A4F7556}") = "Ebnf.Test", "Ebnf.Test\Ebnf.Test.csproj", "{34DAABEE-09F4-46F7-91FE-6EE4CCF27A66}"
EndProject
Project("{9A19103F-16F7-4668-BE54-9A1E7A4F7556}") = "Ebnf UI", "Ebnf UI\Ebnf UI.csproj", "{8FCE2093-FF5D-4A3A-AFAA-F992E4C1A0D8}"
EndProject
Project("{2150E333-8FDC-42A3-9474-1A3956D46DE8}") = "UI.Utils", "UI.Utils", "{C9FFC9A4-F824-452F-9845-5FBBE48C2C7B}"
EndProject
Project("{9A19103F-16F7-4668-BE54-9A1E7A4F7556}") = "WPF.Utils", "WPF.Utils\WPF.Utils.csproj", "{9CEB8C8F-18A5-4B38-A907-04A736517AF4}"
EndProject
Project("{9A19103F-16F7-4668-BE54-9A1E7A4F7556}") = "Grammar UI", "Grammar UI\Grammar UI.csproj", "{DF6CC086-E000-4410-8C0B-0593185F46E4}"
EndProject
Project("{9A19103F-16F7-4668-BE54-9A1E7A4F7556}") = "Ebnf.UI.Test", "EBNF.UI.Test\Ebnf.UI.Test.csproj", "{EE3BB9BB-0715-4570-90FE-37254B532750}"
EndProject
Project("{2150E333-8FDC-42A3-9474-1A3956D46DE8}") = "WebApp", "WebApp", "{F512CC7D-E670-4A35-ADC6-F4F87D5365AB}"
EndProject
Project("{54A90642-561A-4BB1-A94E-469ADEE60C69}") = "GBlasonWebApp", "GBlasonWebApp\GBlasonWebApp.esproj", "{4525B839-95F5-4649-8770-CDCABC772B2A}"
EndProject
Project("{FAE04EC0-301F-11D3-BF4B-00C04F79EFBC}") = "GBlasonWebAPI", "GBlasonWebAPI\GBlasonWebAPI.csproj", "{3264A8D5-3599-49F3-9959-5E2C9BE6DB28}"
EndProject
Project("{FAE04EC0-301F-11D3-BF4B-00C04F79EFBC}") = "GBlason.WebApi.Test", "GBlason.WebApi.Test\GBlason.WebApi.Test.csproj", "{35C597B4-1846-443B-ABA2-71B33B92AEFA}"
EndProject
Global
	GlobalSection(SolutionConfigurationPlatforms) = preSolution
		Debug|Any CPU = Debug|Any CPU
		Release|Any CPU = Release|Any CPU
	EndGlobalSection
	GlobalSection(ProjectConfigurationPlatforms) = postSolution
		{A386FABD-5ADD-4E9D-A6BF-8CAA1E4C7E6B}.Debug|Any CPU.ActiveCfg = Debug|Any CPU
		{A386FABD-5ADD-4E9D-A6BF-8CAA1E4C7E6B}.Debug|Any CPU.Build.0 = Debug|Any CPU
		{A386FABD-5ADD-4E9D-A6BF-8CAA1E4C7E6B}.Release|Any CPU.ActiveCfg = Release|Any CPU
		{A386FABD-5ADD-4E9D-A6BF-8CAA1E4C7E6B}.Release|Any CPU.Build.0 = Release|Any CPU
		{47CF186E-B92B-4F47-9A05-2B1A04F7A61E}.Debug|Any CPU.ActiveCfg = Debug|Any CPU
		{47CF186E-B92B-4F47-9A05-2B1A04F7A61E}.Debug|Any CPU.Build.0 = Debug|Any CPU
		{47CF186E-B92B-4F47-9A05-2B1A04F7A61E}.Release|Any CPU.ActiveCfg = Release|Any CPU
		{47CF186E-B92B-4F47-9A05-2B1A04F7A61E}.Release|Any CPU.Build.0 = Release|Any CPU
		{35E21B35-2B2B-4718-9AB9-3E463BB6BB09}.Debug|Any CPU.ActiveCfg = Debug|Any CPU
		{35E21B35-2B2B-4718-9AB9-3E463BB6BB09}.Debug|Any CPU.Build.0 = Debug|Any CPU
		{35E21B35-2B2B-4718-9AB9-3E463BB6BB09}.Release|Any CPU.ActiveCfg = Release|Any CPU
		{35E21B35-2B2B-4718-9AB9-3E463BB6BB09}.Release|Any CPU.Build.0 = Release|Any CPU
		{82CEF1FE-A1D2-4020-ABAB-ACEE77A1C02F}.Debug|Any CPU.ActiveCfg = Debug|Any CPU
		{82CEF1FE-A1D2-4020-ABAB-ACEE77A1C02F}.Debug|Any CPU.Build.0 = Debug|Any CPU
		{82CEF1FE-A1D2-4020-ABAB-ACEE77A1C02F}.Release|Any CPU.ActiveCfg = Release|Any CPU
		{82CEF1FE-A1D2-4020-ABAB-ACEE77A1C02F}.Release|Any CPU.Build.0 = Release|Any CPU
		{012E49B5-CC9D-4033-BD51-340FC206D30F}.Debug|Any CPU.ActiveCfg = Debug|Any CPU
		{012E49B5-CC9D-4033-BD51-340FC206D30F}.Debug|Any CPU.Build.0 = Debug|Any CPU
		{012E49B5-CC9D-4033-BD51-340FC206D30F}.Release|Any CPU.ActiveCfg = Release|Any CPU
		{012E49B5-CC9D-4033-BD51-340FC206D30F}.Release|Any CPU.Build.0 = Release|Any CPU
		{606AD127-0B54-40F6-9226-35D73A37D772}.Debug|Any CPU.ActiveCfg = Debug|Any CPU
		{606AD127-0B54-40F6-9226-35D73A37D772}.Debug|Any CPU.Build.0 = Debug|Any CPU
		{606AD127-0B54-40F6-9226-35D73A37D772}.Release|Any CPU.ActiveCfg = Release|Any CPU
		{606AD127-0B54-40F6-9226-35D73A37D772}.Release|Any CPU.Build.0 = Release|Any CPU
		{D3AD3A3B-6263-4A90-9B05-0FD23B3132A0}.Debug|Any CPU.ActiveCfg = Debug|Any CPU
		{D3AD3A3B-6263-4A90-9B05-0FD23B3132A0}.Debug|Any CPU.Build.0 = Debug|Any CPU
		{D3AD3A3B-6263-4A90-9B05-0FD23B3132A0}.Release|Any CPU.ActiveCfg = Release|Any CPU
		{D3AD3A3B-6263-4A90-9B05-0FD23B3132A0}.Release|Any CPU.Build.0 = Release|Any CPU
		{5BA565AF-11B7-4297-BF98-3EDAE4738FBB}.Debug|Any CPU.ActiveCfg = Debug|Any CPU
		{5BA565AF-11B7-4297-BF98-3EDAE4738FBB}.Debug|Any CPU.Build.0 = Debug|Any CPU
		{5BA565AF-11B7-4297-BF98-3EDAE4738FBB}.Release|Any CPU.ActiveCfg = Release|Any CPU
		{5BA565AF-11B7-4297-BF98-3EDAE4738FBB}.Release|Any CPU.Build.0 = Release|Any CPU
		{C6572049-5D2A-4BBA-8DD1-211F1CF23C52}.Debug|Any CPU.ActiveCfg = Debug|Any CPU
		{C6572049-5D2A-4BBA-8DD1-211F1CF23C52}.Debug|Any CPU.Build.0 = Debug|Any CPU
		{C6572049-5D2A-4BBA-8DD1-211F1CF23C52}.Release|Any CPU.ActiveCfg = Release|Any CPU
		{C6572049-5D2A-4BBA-8DD1-211F1CF23C52}.Release|Any CPU.Build.0 = Release|Any CPU
		{F1C204E1-2218-4DB3-90F4-EF501A5663FC}.Debug|Any CPU.ActiveCfg = Debug|Any CPU
		{F1C204E1-2218-4DB3-90F4-EF501A5663FC}.Debug|Any CPU.Build.0 = Debug|Any CPU
		{F1C204E1-2218-4DB3-90F4-EF501A5663FC}.Release|Any CPU.ActiveCfg = Release|Any CPU
		{F1C204E1-2218-4DB3-90F4-EF501A5663FC}.Release|Any CPU.Build.0 = Release|Any CPU
		{135DEBEE-BE66-4F07-9F33-4BF0E289C2A0}.Debug|Any CPU.ActiveCfg = Debug|Any CPU
		{135DEBEE-BE66-4F07-9F33-4BF0E289C2A0}.Debug|Any CPU.Build.0 = Debug|Any CPU
		{135DEBEE-BE66-4F07-9F33-4BF0E289C2A0}.Release|Any CPU.ActiveCfg = Release|Any CPU
		{135DEBEE-BE66-4F07-9F33-4BF0E289C2A0}.Release|Any CPU.Build.0 = Release|Any CPU
		{34DAABEE-09F4-46F7-91FE-6EE4CCF27A66}.Debug|Any CPU.ActiveCfg = Debug|Any CPU
		{34DAABEE-09F4-46F7-91FE-6EE4CCF27A66}.Debug|Any CPU.Build.0 = Debug|Any CPU
		{34DAABEE-09F4-46F7-91FE-6EE4CCF27A66}.Release|Any CPU.ActiveCfg = Release|Any CPU
		{34DAABEE-09F4-46F7-91FE-6EE4CCF27A66}.Release|Any CPU.Build.0 = Release|Any CPU
		{8FCE2093-FF5D-4A3A-AFAA-F992E4C1A0D8}.Debug|Any CPU.ActiveCfg = Debug|Any CPU
		{8FCE2093-FF5D-4A3A-AFAA-F992E4C1A0D8}.Debug|Any CPU.Build.0 = Debug|Any CPU
		{8FCE2093-FF5D-4A3A-AFAA-F992E4C1A0D8}.Release|Any CPU.ActiveCfg = Release|Any CPU
		{8FCE2093-FF5D-4A3A-AFAA-F992E4C1A0D8}.Release|Any CPU.Build.0 = Release|Any CPU
		{9CEB8C8F-18A5-4B38-A907-04A736517AF4}.Debug|Any CPU.ActiveCfg = Debug|Any CPU
		{9CEB8C8F-18A5-4B38-A907-04A736517AF4}.Debug|Any CPU.Build.0 = Debug|Any CPU
		{9CEB8C8F-18A5-4B38-A907-04A736517AF4}.Release|Any CPU.ActiveCfg = Release|Any CPU
		{9CEB8C8F-18A5-4B38-A907-04A736517AF4}.Release|Any CPU.Build.0 = Release|Any CPU
		{DF6CC086-E000-4410-8C0B-0593185F46E4}.Debug|Any CPU.ActiveCfg = Debug|Any CPU
		{DF6CC086-E000-4410-8C0B-0593185F46E4}.Debug|Any CPU.Build.0 = Debug|Any CPU
		{DF6CC086-E000-4410-8C0B-0593185F46E4}.Release|Any CPU.ActiveCfg = Release|Any CPU
		{DF6CC086-E000-4410-8C0B-0593185F46E4}.Release|Any CPU.Build.0 = Release|Any CPU
		{EE3BB9BB-0715-4570-90FE-37254B532750}.Debug|Any CPU.ActiveCfg = Debug|Any CPU
		{EE3BB9BB-0715-4570-90FE-37254B532750}.Debug|Any CPU.Build.0 = Debug|Any CPU
		{EE3BB9BB-0715-4570-90FE-37254B532750}.Release|Any CPU.ActiveCfg = Release|Any CPU
		{EE3BB9BB-0715-4570-90FE-37254B532750}.Release|Any CPU.Build.0 = Release|Any CPU
		{4525B839-95F5-4649-8770-CDCABC772B2A}.Debug|Any CPU.ActiveCfg = Debug|Any CPU
		{4525B839-95F5-4649-8770-CDCABC772B2A}.Debug|Any CPU.Build.0 = Debug|Any CPU
		{4525B839-95F5-4649-8770-CDCABC772B2A}.Debug|Any CPU.Deploy.0 = Debug|Any CPU
		{4525B839-95F5-4649-8770-CDCABC772B2A}.Release|Any CPU.ActiveCfg = Release|Any CPU
		{4525B839-95F5-4649-8770-CDCABC772B2A}.Release|Any CPU.Build.0 = Release|Any CPU
		{4525B839-95F5-4649-8770-CDCABC772B2A}.Release|Any CPU.Deploy.0 = Release|Any CPU
		{3264A8D5-3599-49F3-9959-5E2C9BE6DB28}.Debug|Any CPU.ActiveCfg = Debug|Any CPU
		{3264A8D5-3599-49F3-9959-5E2C9BE6DB28}.Debug|Any CPU.Build.0 = Debug|Any CPU
		{3264A8D5-3599-49F3-9959-5E2C9BE6DB28}.Release|Any CPU.ActiveCfg = Release|Any CPU
		{3264A8D5-3599-49F3-9959-5E2C9BE6DB28}.Release|Any CPU.Build.0 = Release|Any CPU
		{35C597B4-1846-443B-ABA2-71B33B92AEFA}.Debug|Any CPU.ActiveCfg = Debug|Any CPU
		{35C597B4-1846-443B-ABA2-71B33B92AEFA}.Debug|Any CPU.Build.0 = Debug|Any CPU
		{35C597B4-1846-443B-ABA2-71B33B92AEFA}.Release|Any CPU.ActiveCfg = Release|Any CPU
		{35C597B4-1846-443B-ABA2-71B33B92AEFA}.Release|Any CPU.Build.0 = Release|Any CPU
	EndGlobalSection
	GlobalSection(SolutionProperties) = preSolution
		HideSolutionNode = FALSE
	EndGlobalSection
	GlobalSection(NestedProjects) = preSolution
		{35E21B35-2B2B-4718-9AB9-3E463BB6BB09} = {1E30A84E-A367-4509-8154-38C39583260D}
		{606AD127-0B54-40F6-9226-35D73A37D772} = {1E30A84E-A367-4509-8154-38C39583260D}
		{D3AD3A3B-6263-4A90-9B05-0FD23B3132A0} = {1E30A84E-A367-4509-8154-38C39583260D}
		{5BA565AF-11B7-4297-BF98-3EDAE4738FBB} = {1E30A84E-A367-4509-8154-38C39583260D}
		{C6572049-5D2A-4BBA-8DD1-211F1CF23C52} = {1E30A84E-A367-4509-8154-38C39583260D}
		{135DEBEE-BE66-4F07-9F33-4BF0E289C2A0} = {1E701A69-8FB5-4B02-B5EA-79229DB42392}
		{34DAABEE-09F4-46F7-91FE-6EE4CCF27A66} = {1E701A69-8FB5-4B02-B5EA-79229DB42392}
		{8FCE2093-FF5D-4A3A-AFAA-F992E4C1A0D8} = {1E701A69-8FB5-4B02-B5EA-79229DB42392}
		{9CEB8C8F-18A5-4B38-A907-04A736517AF4} = {C9FFC9A4-F824-452F-9845-5FBBE48C2C7B}
		{DF6CC086-E000-4410-8C0B-0593185F46E4} = {1E30A84E-A367-4509-8154-38C39583260D}
		{EE3BB9BB-0715-4570-90FE-37254B532750} = {1E701A69-8FB5-4B02-B5EA-79229DB42392}
		{4525B839-95F5-4649-8770-CDCABC772B2A} = {F512CC7D-E670-4A35-ADC6-F4F87D5365AB}
		{3264A8D5-3599-49F3-9959-5E2C9BE6DB28} = {F512CC7D-E670-4A35-ADC6-F4F87D5365AB}
		{35C597B4-1846-443B-ABA2-71B33B92AEFA} = {F512CC7D-E670-4A35-ADC6-F4F87D5365AB}
	EndGlobalSection
	GlobalSection(ExtensibilityGlobals) = postSolution
		SolutionGuid = {969C2EDD-9E9E-4593-968D-7C684BBCA7B7}
	EndGlobalSection
EndGlobal
